PODS:
  - Alamofire (5.0.0-rc.2)
  - BRLOptionParser (0.3.1)
  - GCDWebServer (3.5.3):
    - GCDWebServer/Core (= 3.5.3)
  - GCDWebServer/Core (3.5.3)

DEPENDENCIES:
  - Alamofire (~> 5.0.0-rc.2)
  - BRLOptionParser (~> 0.3.1)
  - GCDWebServer (~> 3.0)

SPEC REPOS:
  https://github.com/cocoapods/specs.git:
    - Alamofire
    - BRLOptionParser
    - GCDWebServer

SPEC CHECKSUMS:
  Alamofire: f9450d3c7f6bea2ad62e7a541c3e9b186c7991d6
  BRLOptionParser: a03256a8ff003ca1f5376c55f55f210e085a3958
  GCDWebServer: c0ab22c73e1b84f358d1e2f74bf6afd1c60829f2

PODFILE CHECKSUM: 0ea5b8edb613859147366a888263c6a0772dd690

COCOAPODS: 1.7.5
