PODS:
  - Alamofire (5.0.5)
  - BRLOptionParser (0.3.1)
  - GCDWebServer (3.5.4):
    - GCDWebServer/Core (= 3.5.4)
  - GCDWebServer/Core (3.5.4)
  - MASShortcut (2.4.0)

DEPENDENCIES:
  - Alamofire
  - BRLOptionParser
  - GCDWebServer
  - MASShortcut

SPEC REPOS:
  trunk:
    - Alamofire
    - BRLOptionParser
    - GCDWebServer
    - MASShortcut

SPEC CHECKSUMS:
  Alamofire: df2f8f826963b08b9a870791ad48e07a10090b2e
  BRLOptionParser: a03256a8ff003ca1f5376c55f55f210e085a3958
  GCDWebServer: 2c156a56c8226e2d5c0c3f208a3621ccffbe3ce4
  MASShortcut: d9e4909e878661cc42877cc9d6efbe638273ab57

PODFILE CHECKSUM: e325e141e4e638e1c7de18e5f325bdfed8616dc6

COCOAPODS: 1.9.1
